{
  "lockfile_version": "1",
  "packages": {
    "argo-workflows@3.6.5": {
      "last_modified": "2025-03-28T03:27:31Z",
      "resolved": "github:NixOS/nixpkgs/398f1f1892a56d1e058d21b0d279512fcc181d3e#argo-workflows",
      "source": "devbox-search",
      "version": "3.6.5",
      "systems": {
        "aarch64-darwin": {
          "outputs": [
            {
              "name": "out",
              "path": "/nix/store/vagxzj5xaijgsyphfnmjdd4g41922gmh-argo-workflows-3.6.5",
              "default": true
            }
          ],
          "store_path": "/nix/store/vagxzj5xaijgsyphfnmjdd4g41922gmh-argo-workflows-3.6.5"
        },
        "aarch64-linux": {
          "outputs": [
            {
              "name": "out",
              "path": "/nix/store/bvlpcs68z150g53i5dcbsi21ymij0ff9-argo-workflows-3.6.5",
              "default": true
            }
          ],
          "store_path": "/nix/store/bvlpcs68z150g53i5dcbsi21ymij0ff9-argo-workflows-3.6.5"
        },
        "x86_64-darwin": {
          "outputs": [
            {
              "name": "out",
              "path": "/nix/store/4m9kh8qp72fv47b0hlsqc0izygcc34cl-argo-workflows-3.6.5",
              "default": true
            }
          ],
          "store_path": "/nix/store/4m9kh8qp72fv47b0hlsqc0izygcc34cl-argo-workflows-3.6.5"
        },
        "x86_64-linux": {
          "outputs": [
            {
              "name": "out",
              "path": "/nix/store/ip7sp9pzlnhmjqyz7hzspnmlrxwpfjxv-argo-workflows-3.6.5",
              "default": true
            }
          ],
          "store_path": "/nix/store/ip7sp9pzlnhmjqyz7hzspnmlrxwpfjxv-argo-workflows-3.6.5"
        }
      }
    },
    "github:NixOS/nixpkgs/nixpkgs-unstable": {
      "last_modified": "2025-04-17T05:47:26Z",
      "resolved": "github:NixOS/nixpkgs/ebe4301cbd8f81c4f8d3244b3632338bbeb6d49c?lastModified=1744868846&narHash=sha256-5RJTdUHDmj12Qsv7XOhuospjAjATNiTMElplWnJE9Hs%3D"
    },
    "k9s@latest": {
      "last_modified": "2025-03-23T05:31:05Z",
      "resolved": "github:NixOS/nixpkgs/dd613136ee91f67e5dba3f3f41ac99ae89c5406b#k9s",
      "source": "devbox-search",
      "version": "0.40.10",
      "systems": {
        "aarch64-darwin": {
          "outputs": [
            {
              "name": "out",
              "path": "/nix/store/c2pa1yiw32mailg012pp9mnrqz9578rw-k9s-0.40.10",
              "default": true
            }
          ],
          "store_path": "/nix/store/c2pa1yiw32mailg012pp9mnrqz9578rw-k9s-0.40.10"
        },
        "aarch64-linux": {
          "outputs": [
            {
              "name": "out",
              "path": "/nix/store/0hj64n3dk36jy7g7w8yjjj4cwd8g91kp-k9s-0.40.10",
              "default": true
            }
          ],
          "store_path": "/nix/store/0hj64n3dk36jy7g7w8yjjj4cwd8g91kp-k9s-0.40.10"
        },
        "x86_64-darwin": {
          "outputs": [
            {
              "name": "out",
              "path": "/nix/store/y351iddyl6gsdsbmm63npx5a8bxhrahd-k9s-0.40.10",
              "default": true
            }
          ],
          "store_path": "/nix/store/y351iddyl6gsdsbmm63npx5a8bxhrahd-k9s-0.40.10"
        },
        "x86_64-linux": {
          "outputs": [
            {
              "name": "out",
              "path": "/nix/store/9cd86frawbphcs6nkdzj3k91fb8z2drr-k9s-0.40.10",
              "default": true
            }
          ],
          "store_path": "/nix/store/9cd86frawbphcs6nkdzj3k91fb8z2drr-k9s-0.40.10"
        }
      }
    },
    "kcl@0.11.1": {
      "last_modified": "2025-04-09T17:27:46Z",
      "resolved": "github:NixOS/nixpkgs/67d2b8200c828903b36a6dd0fb952fe424aa0606#kcl",
      "source": "devbox-search",
      "version": "0.11.1",
      "systems": {
        "aarch64-darwin": {
          "outputs": [
            {
              "name": "out",
              "path": "/nix/store/qzss5l8vzxdzh4rzr6pnqac12y1vy2j1-kcl-0.11.1",
              "default": true
            }
          ],
          "store_path": "/nix/store/qzss5l8vzxdzh4rzr6pnqac12y1vy2j1-kcl-0.11.1"
        },
        "aarch64-linux": {
          "outputs": [
            {
              "name": "out",
              "path": "/nix/store/bllxscflsli47by6waqgvn0igpzj6lwc-kcl-0.11.1",
              "default": true
            }
          ],
          "store_path": "/nix/store/bllxscflsli47by6waqgvn0igpzj6lwc-kcl-0.11.1"
        },
        "x86_64-darwin": {
          "outputs": [
            {
              "name": "out",
              "path": "/nix/store/723yqc3xhhkzy0cyvc8garx4sx9lyd2g-kcl-0.11.1",
              "default": true
            }
          ],
          "store_path": "/nix/store/723yqc3xhhkzy0cyvc8garx4sx9lyd2g-kcl-0.11.1"
        },
        "x86_64-linux": {
          "outputs": [
            {
              "name": "out",
              "path": "/nix/store/7669ci60j8bm57qph3xm1a2afym09prd-kcl-0.11.1",
              "default": true
            }
          ],
          "store_path": "/nix/store/7669ci60j8bm57qph3xm1a2afym09prd-kcl-0.11.1"
        }
      }
    },
    "kubectl@1.25.3": {
      "last_modified": "2022-11-10T13:14:32Z",
      "resolved": "github:NixOS/nixpkgs/72d8853228c9758820c39b8659415b6d89279493#kubectl",
      "source": "devbox-search",
      "version": "1.25.3",
      "systems": {
        "aarch64-linux": {
          "outputs": [
            {
              "name": "out",
              "path": "/nix/store/y0z32h1k75x91yfawn4nkkb17xf7yb4c-kubectl-1.25.3",
              "default": true
            },
            {
              "name": "man",
              "path": "/nix/store/y0r0c7xr8svngvig4c6p8rvwb9rcyq4f-kubectl-1.25.3-man",
              "default": true
            },
            {
              "name": "convert",
              "path": "/nix/store/5pgf3flgm2y0q5gn6m8qw5gkpn2mxls6-kubectl-1.25.3-convert"
            }
          ],
          "store_path": "/nix/store/y0z32h1k75x91yfawn4nkkb17xf7yb4c-kubectl-1.25.3"
        },
        "x86_64-linux": {
          "outputs": [
            {
              "name": "out",
              "path": "/nix/store/c2s4295wlbfax2njfm60yr80hbnx4mzp-kubectl-1.25.3",
              "default": true
            },
            {
              "name": "man",
              "path": "/nix/store/7nq9f46pxd0p56i43cz5gk3rq7km0nsk-kubectl-1.25.3-man",
              "default": true
            },
            {
              "name": "convert",
              "path": "/nix/store/2vnwf48fv0x7kvr42d0wm3kll1agsifc-kubectl-1.25.3-convert"
            }
          ],
          "store_path": "/nix/store/c2s4295wlbfax2njfm60yr80hbnx4mzp-kubectl-1.25.3"
        }
      }
    },
    "kubernetes-helm@3.17.3": {
      "last_modified": "2025-04-10T20:20:34Z",
      "resolved": "github:NixOS/nixpkgs/d19cf9dfc633816a437204555afeb9e722386b76#kubernetes-helm",
      "source": "devbox-search",
      "version": "3.17.3",
      "systems": {
        "aarch64-darwin": {
          "outputs": [
            {
              "name": "out",
              "path": "/nix/store/4dmgpl8ldac8i190r5blsi6f95nb8sb8-kubernetes-helm-3.17.3",
              "default": true
            }
          ],
          "store_path": "/nix/store/4dmgpl8ldac8i190r5blsi6f95nb8sb8-kubernetes-helm-3.17.3"
        },
        "aarch64-linux": {
          "outputs": [
            {
              "name": "out",
              "path": "/nix/store/hzmprxfipk2l3yb6455n849ks4gypl9g-kubernetes-helm-3.17.3",
              "default": true
            }
          ],
          "store_path": "/nix/store/hzmprxfipk2l3yb6455n849ks4gypl9g-kubernetes-helm-3.17.3"
        },
        "x86_64-darwin": {
          "outputs": [
            {
              "name": "out",
              "path": "/nix/store/0nx384vvzwwwbrk5vqvsy1wzcravxn7j-kubernetes-helm-3.17.3",
              "default": true
            }
          ],
          "store_path": "/nix/store/0nx384vvzwwwbrk5vqvsy1wzcravxn7j-kubernetes-helm-3.17.3"
        },
        "x86_64-linux": {
          "outputs": [
            {
              "name": "out",
              "path": "/nix/store/4gz844q6xmiklm4416vzzr4h7sw8ajf9-kubernetes-helm-3.17.3",
              "default": true
            }
          ],
          "store_path": "/nix/store/4gz844q6xmiklm4416vzzr4h7sw8ajf9-kubernetes-helm-3.17.3"
        }
      }
    },
    "nodejs@20.19.0": {
      "last_modified": "2025-03-16T23:54:35Z",
      "plugin_version": "0.0.2",
      "resolved": "github:NixOS/nixpkgs/5d9b5431f967007b3952c057fc92af49a4c5f3b2#nodejs_20",
      "source": "devbox-search",
      "version": "20.19.0",
      "systems": {
        "aarch64-darwin": {
          "outputs": [
            {
              "name": "out",
              "path": "/nix/store/4i96rnl7hdzm3k3w36gx7d2p1af3b64q-nodejs-20.19.0",
              "default": true
            },
            {
              "name": "libv8",
              "path": "/nix/store/dvr6jyyhygpci5yj5mdl3p0xi2qcm02g-nodejs-20.19.0-libv8"
            }
          ],
          "store_path": "/nix/store/4i96rnl7hdzm3k3w36gx7d2p1af3b64q-nodejs-20.19.0"
        },
        "aarch64-linux": {
          "outputs": [
            {
              "name": "out",
              "path": "/nix/store/qz522zmsx441py29xy69sf5671bkhpj2-nodejs-20.19.0",
              "default": true
            },
            {
              "name": "libv8",
              "path": "/nix/store/7i02830b2pxlapzav6yyggymqmp6rk02-nodejs-20.19.0-libv8"
            }
          ],
          "store_path": "/nix/store/qz522zmsx441py29xy69sf5671bkhpj2-nodejs-20.19.0"
        },
        "x86_64-darwin": {
          "outputs": [
            {
              "name": "out",
              "path": "/nix/store/4k73p2z9h5rnfv9gal8n6m4srx5sggs8-nodejs-20.19.0",
              "default": true
            },
            {
              "name": "libv8",
              "path": "/nix/store/px89hqr3wcfk0w6146hf4171bvj4chgp-nodejs-20.19.0-libv8"
            }
          ],
          "store_path": "/nix/store/4k73p2z9h5rnfv9gal8n6m4srx5sggs8-nodejs-20.19.0"
        },
        "x86_64-linux": {
          "outputs": [
            {
              "name": "out",
              "path": "/nix/store/088a1y8kvrmvi7vm5ff67hg7c4hcnqg7-nodejs-20.19.0",
              "default": true
            },
            {
              "name": "libv8",
              "path": "/nix/store/njqqwr5311xmnm05ms3n7b8piwnyq7x1-nodejs-20.19.0-libv8"
            }
          ],
          "store_path": "/nix/store/088a1y8kvrmvi7vm5ff67hg7c4hcnqg7-nodejs-20.19.0"
        }
      }
    }
  }
}
